
Microsoft Visual Studio Solution File, Format Version 12.00
# Visual Studio Version 17
VisualStudioVersion = 17.4.33213.308
MinimumVisualStudioVersion = 10.0.40219.1
Project("{FAE04EC0-301F-11D3-BF4B-00C04F79EFBC}") = "WpfApp3", "WpfApp3\WpfApp3.csproj", "{8EF04D3F-8D80-420F-ACBF-233B1D0F404D}"
EndProject
Global
	GlobalSection(SolutionConfigurationPlatforms) = preSolution
		Debug|Any CPU = Debug|Any CPU
		Release|Any CPU = Release|Any CPU
	EndGlobalSection
	GlobalSection(ProjectConfigurationPlatforms) = postSolution
		{8EF04D3F-8D80-420F-ACBF-233B1D0F404D}.Debug|Any CPU.ActiveCfg = Debug|Any CPU
		{8EF04D3F-8D80-420F-ACBF-233B1D0F404D}.Debug|Any CPU.Build.0 = Debug|Any CPU
		{8EF04D3F-8D80-420F-ACBF-233B1D0F404D}.Release|Any CPU.ActiveCfg = Release|Any CPU
		{8EF04D3F-8D80-420F-ACBF-233B1D0F404D}.Release|Any CPU.Build.0 = Release|Any CPU
	EndGlobalSection
	GlobalSection(SolutionProperties) = preSolution
		HideSolutionNode = FALSE
	EndGlobalSection
	GlobalSection(ExtensibilityGlobals) = postSolution
		SolutionGuid = {64452F55-0BBE-4ED7-BC0E-6F89FE5458A7}
	EndGlobalSection
EndGlobal
